
Microsoft Visual Studio Solution File, Format Version 12.00
# Visual Studio Version 17
VisualStudioVersion = 17.2.32210.308
MinimumVisualStudioVersion = 10.0.40219.1
Project("{2150E333-8FDC-42A3-9474-1A3956D46DE8}") = "web-apps", "web-apps", "{03B353B9-B704-47D2-A48C-355B8AFF3C1B}"
EndProject
Project("{2150E333-8FDC-42A3-9474-1A3956D46DE8}") = "libraries", "libraries", "{BC8BE300-5ADC-4D93-B163-7547E50958FD}"
EndProject
Project("{2150E333-8FDC-42A3-9474-1A3956D46DE8}") = "abstractions", "abstractions", "{1E94FF4E-ABB4-48FE-BA72-6872D966D132}"
EndProject
Project("{9A19103F-16F7-4668-BE54-9A1E7A4F7556}") = "MX.GeoLocation.Abstractions.V1", "MX.GeoLocation.Abstractions.V1\MX.GeoLocation.Abstractions.V1.csproj", "{3918D487-1711-4EE5-A7B7-3142F4A8349F}"
EndProject
Project("{9A19103F-16F7-4668-BE54-9A1E7A4F7556}") = "MX.GeoLocation.Api.Client.V1", "MX.GeoLocation.Api.Client.V1\MX.GeoLocation.Api.Client.V1.csproj", "{014C9F1C-1378-4568-BB83-3B29243572F9}"
EndProject
Project("{9A19103F-16F7-4668-BE54-9A1E7A4F7556}") = "MX.GeoLocation.Api.V1", "MX.GeoLocation.Api.V1\MX.GeoLocation.Api.V1.csproj", "{5E0C8960-40FB-42FD-A7BE-F562DBD2C9FC}"
EndProject
Project("{9A19103F-16F7-4668-BE54-9A1E7A4F7556}") = "MX.GeoLocation.Web", "MX.GeoLocation.Web\MX.GeoLocation.Web.csproj", "{7FFB3595-64C3-4FDE-A8C2-64B63810BDD8}"
EndProject
Project("{2150E333-8FDC-42A3-9474-1A3956D46DE8}") = "tests", "tests", "{8C26D55E-52AD-4B45-B128-B8B2834C81C4}"
EndProject
Project("{9A19103F-16F7-4668-BE54-9A1E7A4F7556}") = "MX.GeoLocation.Web.Tests", "MX.GeoLocation.Web.Tests\MX.GeoLocation.Web.Tests.csproj", "{BD4B99CF-DB98-46A2-9A2B-5EE829448CEB}"
EndProject
Project("{9A19103F-16F7-4668-BE54-9A1E7A4F7556}") = "MX.GeoLocation.Api.Tests.V1", "MX.GeoLocation.Api.Tests.V1\MX.GeoLocation.Api.Tests.V1.csproj", "{AFCE627B-E0FF-4B72-82CD-F4247D8BC941}"
EndProject
Project("{9A19103F-16F7-4668-BE54-9A1E7A4F7556}") = "MX.GeoLocation.Api.Client.Tests.V1", "MX.GeoLocation.Api.Client.Tests.V1\MX.GeoLocation.Api.Client.Tests.V1.csproj", "{E1BA9F13-A38E-402C-A0C3-A8E561CF60E8}"
EndProject
Project("{9A19103F-16F7-4668-BE54-9A1E7A4F7556}") = "MX.GeoLocation.Web.IntegrationTests", "MX.GeoLocation.Web.IntegrationTests\MX.GeoLocation.Web.IntegrationTests.csproj", "{23D56A49-A311-4C3C-8927-95268CE41A54}"
EndProject
Global
	GlobalSection(SolutionConfigurationPlatforms) = preSolution
		Debug|Any CPU = Debug|Any CPU
		Release|Any CPU = Release|Any CPU
	EndGlobalSection
	GlobalSection(ProjectConfigurationPlatforms) = postSolution
		{3918D487-1711-4EE5-A7B7-3142F4A8349F}.Debug|Any CPU.ActiveCfg = Debug|Any CPU
		{3918D487-1711-4EE5-A7B7-3142F4A8349F}.Debug|Any CPU.Build.0 = Debug|Any CPU
		{3918D487-1711-4EE5-A7B7-3142F4A8349F}.Release|Any CPU.ActiveCfg = Release|Any CPU
		{3918D487-1711-4EE5-A7B7-3142F4A8349F}.Release|Any CPU.Build.0 = Release|Any CPU
		{014C9F1C-1378-4568-BB83-3B29243572F9}.Debug|Any CPU.ActiveCfg = Debug|Any CPU
		{014C9F1C-1378-4568-BB83-3B29243572F9}.Debug|Any CPU.Build.0 = Debug|Any CPU
		{014C9F1C-1378-4568-BB83-3B29243572F9}.Release|Any CPU.ActiveCfg = Release|Any CPU
		{014C9F1C-1378-4568-BB83-3B29243572F9}.Release|Any CPU.Build.0 = Release|Any CPU
		{5E0C8960-40FB-42FD-A7BE-F562DBD2C9FC}.Debug|Any CPU.ActiveCfg = Debug|Any CPU
		{5E0C8960-40FB-42FD-A7BE-F562DBD2C9FC}.Debug|Any CPU.Build.0 = Debug|Any CPU
		{5E0C8960-40FB-42FD-A7BE-F562DBD2C9FC}.Release|Any CPU.ActiveCfg = Release|Any CPU
		{5E0C8960-40FB-42FD-A7BE-F562DBD2C9FC}.Release|Any CPU.Build.0 = Release|Any CPU
		{7FFB3595-64C3-4FDE-A8C2-64B63810BDD8}.Debug|Any CPU.ActiveCfg = Debug|Any CPU
		{7FFB3595-64C3-4FDE-A8C2-64B63810BDD8}.Debug|Any CPU.Build.0 = Debug|Any CPU
		{7FFB3595-64C3-4FDE-A8C2-64B63810BDD8}.Release|Any CPU.ActiveCfg = Release|Any CPU
		{7FFB3595-64C3-4FDE-A8C2-64B63810BDD8}.Release|Any CPU.Build.0 = Release|Any CPU
		{BD4B99CF-DB98-46A2-9A2B-5EE829448CEB}.Debug|Any CPU.ActiveCfg = Debug|Any CPU
		{BD4B99CF-DB98-46A2-9A2B-5EE829448CEB}.Debug|Any CPU.Build.0 = Debug|Any CPU
		{BD4B99CF-DB98-46A2-9A2B-5EE829448CEB}.Release|Any CPU.ActiveCfg = Release|Any CPU
		{BD4B99CF-DB98-46A2-9A2B-5EE829448CEB}.Release|Any CPU.Build.0 = Release|Any CPU
		{AFCE627B-E0FF-4B72-82CD-F4247D8BC941}.Debug|Any CPU.ActiveCfg = Debug|Any CPU
		{AFCE627B-E0FF-4B72-82CD-F4247D8BC941}.Debug|Any CPU.Build.0 = Debug|Any CPU
		{AFCE627B-E0FF-4B72-82CD-F4247D8BC941}.Release|Any CPU.ActiveCfg = Release|Any CPU
		{AFCE627B-E0FF-4B72-82CD-F4247D8BC941}.Release|Any CPU.Build.0 = Release|Any CPU
		{E1BA9F13-A38E-402C-A0C3-A8E561CF60E8}.Debug|Any CPU.ActiveCfg = Debug|Any CPU
		{E1BA9F13-A38E-402C-A0C3-A8E561CF60E8}.Debug|Any CPU.Build.0 = Debug|Any CPU
		{E1BA9F13-A38E-402C-A0C3-A8E561CF60E8}.Release|Any CPU.ActiveCfg = Release|Any CPU
		{E1BA9F13-A38E-402C-A0C3-A8E561CF60E8}.Release|Any CPU.Build.0 = Release|Any CPU
		{23D56A49-A311-4C3C-8927-95268CE41A54}.Debug|Any CPU.ActiveCfg = Debug|Any CPU
		{23D56A49-A311-4C3C-8927-95268CE41A54}.Debug|Any CPU.Build.0 = Debug|Any CPU
		{23D56A49-A311-4C3C-8927-95268CE41A54}.Release|Any CPU.ActiveCfg = Release|Any CPU
		{23D56A49-A311-4C3C-8927-95268CE41A54}.Release|Any CPU.Build.0 = Release|Any CPU
	EndGlobalSection
	GlobalSection(SolutionProperties) = preSolution
		HideSolutionNode = FALSE
	EndGlobalSection
	GlobalSection(NestedProjects) = preSolution
		{3918D487-1711-4EE5-A7B7-3142F4A8349F} = {1E94FF4E-ABB4-48FE-BA72-6872D966D132}
		{014C9F1C-1378-4568-BB83-3B29243572F9} = {BC8BE300-5ADC-4D93-B163-7547E50958FD}
		{5E0C8960-40FB-42FD-A7BE-F562DBD2C9FC} = {03B353B9-B704-47D2-A48C-355B8AFF3C1B}
		{7FFB3595-64C3-4FDE-A8C2-64B63810BDD8} = {03B353B9-B704-47D2-A48C-355B8AFF3C1B}
		{BD4B99CF-DB98-46A2-9A2B-5EE829448CEB} = {8C26D55E-52AD-4B45-B128-B8B2834C81C4}
		{AFCE627B-E0FF-4B72-82CD-F4247D8BC941} = {8C26D55E-52AD-4B45-B128-B8B2834C81C4}
		{E1BA9F13-A38E-402C-A0C3-A8E561CF60E8} = {8C26D55E-52AD-4B45-B128-B8B2834C81C4}
		{23D56A49-A311-4C3C-8927-95268CE41A54} = {8C26D55E-52AD-4B45-B128-B8B2834C81C4}
	EndGlobalSection
	GlobalSection(ExtensibilityGlobals) = postSolution
		SolutionGuid = {12D55527-E526-43CA-B604-25A011BE015C}
	EndGlobalSection
EndGlobal
